<Solution>
  <Folder Name="/Aspire/">
    <Project Path="Aspire/FrontendMentor.InvoiceApp.AppHost/FrontendMentor.InvoiceApp.AppHost.csproj" />
    <Project Path="Aspire/FrontendMentor.InvoiceApp.AspireUtilities/FrontendMentor.InvoiceApp.AspireUtilities.csproj" />
    <Project Path="Aspire/FrontendMentor.InvoiceApp.ServiceDefaults/FrontendMentor.InvoiceApp.ServiceDefaults.csproj" />
  </Folder>
  <Folder Name="/Identity/" />
  <Folder Name="/Identity/src/">
    <Project Path="Identity/src/FrontendMentor.InvoiceApp.Identity.Api/FrontendMentor.InvoiceApp.Identity.Api.csproj" />
    <Project Path="Identity/src/FrontendMentor.InvoiceApp.Identity.Domain/FrontendMentor.InvoiceApp.Identity.Domain.csproj" />
    <Project Path="Identity/src/FrontendMentor.InvoiceApp.Identity.Infrastructure/FrontendMentor.InvoiceApp.Identity.Infrastructure.csproj" />
    <Project Path="Identity/src/FrontendMentor.InvoiceApp.Identity.MigrationService/FrontendMentor.InvoiceApp.Identity.MigrationService.csproj" />
  </Folder>
  <Folder Name="/Identity/tests/">
    <Project Path="Identity/tests/FrontendMentor.InvoiceApp.Identity.Domain.Tests/FrontendMentor.InvoiceApp.Identity.Domain.Tests.csproj" />
  </Folder>
  <Folder Name="/Infrastructure/">
    <Project Path="Infrastructure/FrontendMentor.InvoiceApp.Infrastructure.Core/FrontendMentor.InvoiceApp.Infrastructure.Core.csproj" />
    <Project Path="Infrastructure/FrontendMentor.InvoiceApp.Infrastructure.Identity/FrontendMentor.InvoiceApp.Infrastructure.Identity.csproj" />
    <Project Path="Infrastructure/FrontendMentor.InvoiceApp.Infrastructure/FrontendMentor.InvoiceApp.Infrastructure.csproj" />
  </Folder>
  <Folder Name="/Shared/" />
  <Folder Name="/Shared/src/">
    <Project Path="Shared/src/FrontendMentor.InvoiceApp.Shared/FrontendMentor.InvoiceApp.Shared.csproj" />
  </Folder>
  <Folder Name="/Shared/src/Infrastructure/">
    <Project Path="Shared/src/Infrastructure/FrontendMentor.InvoiceApp.Messaging/FrontendMentor.InvoiceApp.Messaging.csproj" />
  </Folder>
  <Folder Name="/Shared/tests/">
    <Project Path="Shared/tests/FrontendMentor.InvoiceApp.Messaging.IntegrationTests/FrontendMentor.InvoiceApp.Messaging.IntegrationTests.csproj" />
    <Project Path="Shared/tests/FrontendMentor.InvoiceApp.Messaging.Tests/FrontendMentor.InvoiceApp.Messaging.Tests.csproj" />
    <Project Path="Shared/tests/FrontendMentor.InvoiceApp.Shared.Tests/FrontendMentor.InvoiceApp.Shared.Tests.csproj" />
  </Folder>
</Solution>
